
Microsoft Visual Studio Solution File, Format Version 12.00
# Visual Studio 14
VisualStudioVersion = 14.0.25420.1
MinimumVisualStudioVersion = 10.0.40219.1
Project("{2150E333-8FDC-42A3-9474-1A3956D46DE8}") = "Framework", "Framework", "{D1EC94D1-B1FC-485F-987F-56405A3FDAB3}"
EndProject
Project("{2150E333-8FDC-42A3-9474-1A3956D46DE8}") = "Tests", "Tests", "{B3DF2E45-083E-42F4-9093-DD8757716D39}"
EndProject
Project("{FAE04EC0-301F-11D3-BF4B-00C04F79EFBC}") = "Framework", "Framework\Framework.csproj", "{3D70FBF8-62A4-4AA7-8060-572D887A4AB3}"
EndProject
Project("{FAE04EC0-301F-11D3-BF4B-00C04F79EFBC}") = "Tests", "Tests\Tests.csproj", "{72134FE1-8DA7-47AA-BF9C-090CF46409DD}"
EndProject
Global
	GlobalSection(SolutionConfigurationPlatforms) = preSolution
		Debug|Any CPU = Debug|Any CPU
		Release|Any CPU = Release|Any CPU
	EndGlobalSection
	GlobalSection(ProjectConfigurationPlatforms) = postSolution
		{3D70FBF8-62A4-4AA7-8060-572D887A4AB3}.Debug|Any CPU.ActiveCfg = Debug|Any CPU
		{3D70FBF8-62A4-4AA7-8060-572D887A4AB3}.Debug|Any CPU.Build.0 = Debug|Any CPU
		{3D70FBF8-62A4-4AA7-8060-572D887A4AB3}.Release|Any CPU.ActiveCfg = Release|Any CPU
		{3D70FBF8-62A4-4AA7-8060-572D887A4AB3}.Release|Any CPU.Build.0 = Release|Any CPU
		{72134FE1-8DA7-47AA-BF9C-090CF46409DD}.Debug|Any CPU.ActiveCfg = Debug|Any CPU
		{72134FE1-8DA7-47AA-BF9C-090CF46409DD}.Debug|Any CPU.Build.0 = Debug|Any CPU
		{72134FE1-8DA7-47AA-BF9C-090CF46409DD}.Release|Any CPU.ActiveCfg = Release|Any CPU
		{72134FE1-8DA7-47AA-BF9C-090CF46409DD}.Release|Any CPU.Build.0 = Release|Any CPU
	EndGlobalSection
	GlobalSection(SolutionProperties) = preSolution
		HideSolutionNode = FALSE
	EndGlobalSection
	GlobalSection(NestedProjects) = preSolution
		{3D70FBF8-62A4-4AA7-8060-572D887A4AB3} = {D1EC94D1-B1FC-485F-987F-56405A3FDAB3}
		{72134FE1-8DA7-47AA-BF9C-090CF46409DD} = {B3DF2E45-083E-42F4-9093-DD8757716D39}
	EndGlobalSection
EndGlobal
